
Microsoft Visual Studio Solution File, Format Version 12.00
# Visual Studio Version 17
VisualStudioVersion = 17.3.32819.101
MinimumVisualStudioVersion = 10.0.40219.1
Project("{FAE04EC0-301F-11D3-BF4B-00C04F79EFBC}") = "dotNetSixRpgExample", "dotNetSixRpgExample\dotNetSixRpgExample.csproj", "{B7AB342F-57A2-4D2E-8003-B024BD7C175E}"
EndProject
Global
	GlobalSection(SolutionConfigurationPlatforms) = preSolution
		Debug|Any CPU = Debug|Any CPU
		Release|Any CPU = Release|Any CPU
	EndGlobalSection
	GlobalSection(ProjectConfigurationPlatforms) = postSolution
		{B7AB342F-57A2-4D2E-8003-B024BD7C175E}.Debug|Any CPU.ActiveCfg = Debug|Any CPU
		{B7AB342F-57A2-4D2E-8003-B024BD7C175E}.Debug|Any CPU.Build.0 = Debug|Any CPU
		{B7AB342F-57A2-4D2E-8003-B024BD7C175E}.Release|Any CPU.ActiveCfg = Release|Any CPU
		{B7AB342F-57A2-4D2E-8003-B024BD7C175E}.Release|Any CPU.Build.0 = Release|Any CPU
	EndGlobalSection
	GlobalSection(SolutionProperties) = preSolution
		HideSolutionNode = FALSE
	EndGlobalSection
	GlobalSection(ExtensibilityGlobals) = postSolution
		SolutionGuid = {9DF1DF4F-6936-4D0E-A509-0B5985D32507}
	EndGlobalSection
EndGlobal
